
Microsoft Visual Studio Solution File, Format Version 12.00
# Visual Studio Version 16
VisualStudioVersion = 16.0.29728.190
MinimumVisualStudioVersion = 10.0.40219.1
Project("{9A19103F-16F7-4668-BE54-9A1E7A4F7556}") = "TicTacToeAttempt1", "TicTacToeAttempt1\TicTacToeAttempt1.csproj", "{70BD08C5-5FB5-4686-82F2-68E1352973F8}"
EndProject
Project("{9A19103F-16F7-4668-BE54-9A1E7A4F7556}") = "RestSdkLibrary", "RestSdkLibrary\RestSdkLibrary.csproj", "{191913E8-7C2C-4D33-ACC4-4BA4406B1EE1}"
EndProject
Project("{FAE04EC0-301F-11D3-BF4B-00C04F79EFBC}") = "FunctionTests", "FunctionTests\FunctionTests.csproj", "{15F84662-C373-491B-BDFD-FE82EF080764}"
EndProject
Global
	GlobalSection(SolutionConfigurationPlatforms) = preSolution
		Debug|Any CPU = Debug|Any CPU
		Release|Any CPU = Release|Any CPU
	EndGlobalSection
	GlobalSection(ProjectConfigurationPlatforms) = postSolution
		{70BD08C5-5FB5-4686-82F2-68E1352973F8}.Debug|Any CPU.ActiveCfg = Debug|Any CPU
		{70BD08C5-5FB5-4686-82F2-68E1352973F8}.Debug|Any CPU.Build.0 = Debug|Any CPU
		{70BD08C5-5FB5-4686-82F2-68E1352973F8}.Release|Any CPU.ActiveCfg = Release|Any CPU
		{70BD08C5-5FB5-4686-82F2-68E1352973F8}.Release|Any CPU.Build.0 = Release|Any CPU
		{191913E8-7C2C-4D33-ACC4-4BA4406B1EE1}.Debug|Any CPU.ActiveCfg = Debug|Any CPU
		{191913E8-7C2C-4D33-ACC4-4BA4406B1EE1}.Debug|Any CPU.Build.0 = Debug|Any CPU
		{191913E8-7C2C-4D33-ACC4-4BA4406B1EE1}.Release|Any CPU.ActiveCfg = Release|Any CPU
		{191913E8-7C2C-4D33-ACC4-4BA4406B1EE1}.Release|Any CPU.Build.0 = Release|Any CPU
		{15F84662-C373-491B-BDFD-FE82EF080764}.Debug|Any CPU.ActiveCfg = Debug|Any CPU
		{15F84662-C373-491B-BDFD-FE82EF080764}.Debug|Any CPU.Build.0 = Debug|Any CPU
		{15F84662-C373-491B-BDFD-FE82EF080764}.Release|Any CPU.ActiveCfg = Release|Any CPU
		{15F84662-C373-491B-BDFD-FE82EF080764}.Release|Any CPU.Build.0 = Release|Any CPU
	EndGlobalSection
	GlobalSection(SolutionProperties) = preSolution
		HideSolutionNode = FALSE
	EndGlobalSection
	GlobalSection(ExtensibilityGlobals) = postSolution
		SolutionGuid = {A3821376-BFB1-4817-89A4-CB26A0CF6D2D}
	EndGlobalSection
EndGlobal
